
Microsoft Visual Studio Solution File, Format Version 12.00
# Visual Studio 15
VisualStudioVersion = 15.0.27428.2015
MinimumVisualStudioVersion = 10.0.40219.1
Project("{FAE04EC0-301F-11D3-BF4B-00C04F79EFBC}") = "InternPortal.Data", "InternPortal.Data\InternPortal.Data.csproj", "{A0358EB5-6EF2-4339-BB80-1D8DC32003F4}"
EndProject
Project("{FAE04EC0-301F-11D3-BF4B-00C04F79EFBC}") = "InternPortal.UI", "InternPortal.UI\InternPortal.UI.csproj", "{71EBCCAA-3892-4E05-B55F-AD5C6FB88C86}"
EndProject
Project("{FAE04EC0-301F-11D3-BF4B-00C04F79EFBC}") = "InternPortal.UnitTests", "InternPortal.UnitTests\InternPortal.UnitTests.csproj", "{3576F0BA-6F2B-4CC9-9D9B-A59F79A6EB74}"
EndProject
Project("{FAE04EC0-301F-11D3-BF4B-00C04F79EFBC}") = "InternPortal.IntegrationTests", "InternPortal.IntegrationTests\InternPortal.IntegrationTests.csproj", "{DF5ACA24-2091-429B-8D62-B30AAD357311}"
EndProject
Project("{FAE04EC0-301F-11D3-BF4B-00C04F79EFBC}") = "InternPortal.WebTests", "InternPortal.WebTests\InternPortal.WebTests.csproj", "{1579F14F-A997-4E87-B301-7EA7E962BDE2}"
EndProject
Global
	GlobalSection(SolutionConfigurationPlatforms) = preSolution
		CRP2|Any CPU = CRP2|Any CPU
		Debug|Any CPU = Debug|Any CPU
		PROD|Any CPU = PROD|Any CPU
		Release|Any CPU = Release|Any CPU
		UAT|Any CPU = UAT|Any CPU
	EndGlobalSection
	GlobalSection(ProjectConfigurationPlatforms) = postSolution
		{A0358EB5-6EF2-4339-BB80-1D8DC32003F4}.CRP2|Any CPU.ActiveCfg = Release|Any CPU
		{A0358EB5-6EF2-4339-BB80-1D8DC32003F4}.CRP2|Any CPU.Build.0 = Release|Any CPU
		{A0358EB5-6EF2-4339-BB80-1D8DC32003F4}.Debug|Any CPU.ActiveCfg = Debug|Any CPU
		{A0358EB5-6EF2-4339-BB80-1D8DC32003F4}.Debug|Any CPU.Build.0 = Debug|Any CPU
		{A0358EB5-6EF2-4339-BB80-1D8DC32003F4}.PROD|Any CPU.ActiveCfg = Release|Any CPU
		{A0358EB5-6EF2-4339-BB80-1D8DC32003F4}.PROD|Any CPU.Build.0 = Release|Any CPU
		{A0358EB5-6EF2-4339-BB80-1D8DC32003F4}.Release|Any CPU.ActiveCfg = Release|Any CPU
		{A0358EB5-6EF2-4339-BB80-1D8DC32003F4}.Release|Any CPU.Build.0 = Release|Any CPU
		{A0358EB5-6EF2-4339-BB80-1D8DC32003F4}.UAT|Any CPU.ActiveCfg = Release|Any CPU
		{A0358EB5-6EF2-4339-BB80-1D8DC32003F4}.UAT|Any CPU.Build.0 = Release|Any CPU
		{71EBCCAA-3892-4E05-B55F-AD5C6FB88C86}.CRP2|Any CPU.ActiveCfg = Release|Any CPU
		{71EBCCAA-3892-4E05-B55F-AD5C6FB88C86}.CRP2|Any CPU.Build.0 = Release|Any CPU
		{71EBCCAA-3892-4E05-B55F-AD5C6FB88C86}.Debug|Any CPU.ActiveCfg = Debug|Any CPU
		{71EBCCAA-3892-4E05-B55F-AD5C6FB88C86}.Debug|Any CPU.Build.0 = Debug|Any CPU
		{71EBCCAA-3892-4E05-B55F-AD5C6FB88C86}.PROD|Any CPU.ActiveCfg = Release|Any CPU
		{71EBCCAA-3892-4E05-B55F-AD5C6FB88C86}.PROD|Any CPU.Build.0 = Release|Any CPU
		{71EBCCAA-3892-4E05-B55F-AD5C6FB88C86}.Release|Any CPU.ActiveCfg = Release|Any CPU
		{71EBCCAA-3892-4E05-B55F-AD5C6FB88C86}.Release|Any CPU.Build.0 = Release|Any CPU
		{71EBCCAA-3892-4E05-B55F-AD5C6FB88C86}.UAT|Any CPU.ActiveCfg = Release|Any CPU
		{71EBCCAA-3892-4E05-B55F-AD5C6FB88C86}.UAT|Any CPU.Build.0 = Release|Any CPU
		{3576F0BA-6F2B-4CC9-9D9B-A59F79A6EB74}.CRP2|Any CPU.ActiveCfg = CRP2|Any CPU
		{3576F0BA-6F2B-4CC9-9D9B-A59F79A6EB74}.CRP2|Any CPU.Build.0 = CRP2|Any CPU
		{3576F0BA-6F2B-4CC9-9D9B-A59F79A6EB74}.Debug|Any CPU.ActiveCfg = Debug|Any CPU
		{3576F0BA-6F2B-4CC9-9D9B-A59F79A6EB74}.Debug|Any CPU.Build.0 = Debug|Any CPU
		{3576F0BA-6F2B-4CC9-9D9B-A59F79A6EB74}.PROD|Any CPU.ActiveCfg = PROD|Any CPU
		{3576F0BA-6F2B-4CC9-9D9B-A59F79A6EB74}.PROD|Any CPU.Build.0 = PROD|Any CPU
		{3576F0BA-6F2B-4CC9-9D9B-A59F79A6EB74}.Release|Any CPU.ActiveCfg = Release|Any CPU
		{3576F0BA-6F2B-4CC9-9D9B-A59F79A6EB74}.Release|Any CPU.Build.0 = Release|Any CPU
		{3576F0BA-6F2B-4CC9-9D9B-A59F79A6EB74}.UAT|Any CPU.ActiveCfg = UAT|Any CPU
		{3576F0BA-6F2B-4CC9-9D9B-A59F79A6EB74}.UAT|Any CPU.Build.0 = UAT|Any CPU
		{DF5ACA24-2091-429B-8D62-B30AAD357311}.CRP2|Any CPU.ActiveCfg = CRP2|Any CPU
		{DF5ACA24-2091-429B-8D62-B30AAD357311}.CRP2|Any CPU.Build.0 = CRP2|Any CPU
		{DF5ACA24-2091-429B-8D62-B30AAD357311}.Debug|Any CPU.ActiveCfg = Debug|Any CPU
		{DF5ACA24-2091-429B-8D62-B30AAD357311}.Debug|Any CPU.Build.0 = Debug|Any CPU
		{DF5ACA24-2091-429B-8D62-B30AAD357311}.PROD|Any CPU.ActiveCfg = PROD|Any CPU
		{DF5ACA24-2091-429B-8D62-B30AAD357311}.PROD|Any CPU.Build.0 = PROD|Any CPU
		{DF5ACA24-2091-429B-8D62-B30AAD357311}.Release|Any CPU.ActiveCfg = Release|Any CPU
		{DF5ACA24-2091-429B-8D62-B30AAD357311}.Release|Any CPU.Build.0 = Release|Any CPU
		{DF5ACA24-2091-429B-8D62-B30AAD357311}.UAT|Any CPU.ActiveCfg = UAT|Any CPU
		{DF5ACA24-2091-429B-8D62-B30AAD357311}.UAT|Any CPU.Build.0 = UAT|Any CPU
		{1579F14F-A997-4E87-B301-7EA7E962BDE2}.CRP2|Any CPU.ActiveCfg = CRP2|Any CPU
		{1579F14F-A997-4E87-B301-7EA7E962BDE2}.CRP2|Any CPU.Build.0 = CRP2|Any CPU
		{1579F14F-A997-4E87-B301-7EA7E962BDE2}.Debug|Any CPU.ActiveCfg = Debug|Any CPU
		{1579F14F-A997-4E87-B301-7EA7E962BDE2}.Debug|Any CPU.Build.0 = Debug|Any CPU
		{1579F14F-A997-4E87-B301-7EA7E962BDE2}.PROD|Any CPU.ActiveCfg = PROD|Any CPU
		{1579F14F-A997-4E87-B301-7EA7E962BDE2}.PROD|Any CPU.Build.0 = PROD|Any CPU
		{1579F14F-A997-4E87-B301-7EA7E962BDE2}.Release|Any CPU.ActiveCfg = Release|Any CPU
		{1579F14F-A997-4E87-B301-7EA7E962BDE2}.Release|Any CPU.Build.0 = Release|Any CPU
		{1579F14F-A997-4E87-B301-7EA7E962BDE2}.UAT|Any CPU.ActiveCfg = UAT|Any CPU
		{1579F14F-A997-4E87-B301-7EA7E962BDE2}.UAT|Any CPU.Build.0 = UAT|Any CPU
	EndGlobalSection
	GlobalSection(SolutionProperties) = preSolution
		HideSolutionNode = FALSE
	EndGlobalSection
	GlobalSection(ExtensibilityGlobals) = postSolution
		SolutionGuid = {4D16564D-9E12-4B15-ADDB-B81A1B762E53}
	EndGlobalSection
EndGlobal
